// !$*UTF8*$!
{
	archiveVersion = 1;
	classes = {
	};
	objectVersion = 46;
	objects = {

/* Begin PBXBuildFile section */
		3232DAC515E4270500E91F56 /* UIKit.framework in Frameworks */ = {isa = PBXBuildFile; fileRef = 3232DAC415E4270500E91F56 /* UIKit.framework */; };
		3232DAC715E4270500E91F56 /* Foundation.framework in Frameworks */ = {isa = PBXBuildFile; fileRef = 3232DAC615E4270500E91F56 /* Foundation.framework */; };
		3232DAC915E4270500E91F56 /* CoreGraphics.framework in Frameworks */ = {isa = PBXBuildFile; fileRef = 3232DAC815E4270500E91F56 /* CoreGraphics.framework */; };
		3232DACB15E4270500E91F56 /* CoreData.framework in Frameworks */ = {isa = PBXBuildFile; fileRef = 3232DACA15E4270500E91F56 /* CoreData.framework */; };
		3232DAD115E4270500E91F56 /* InfoPlist.strings in Resources */ = {isa = PBXBuildFile; fileRef = 3232DACF15E4270500E91F56 /* InfoPlist.strings */; };
		3232DAD315E4270500E91F56 /* main.m in Sources */ = {isa = PBXBuildFile; fileRef = 3232DAD215E4270500E91F56 /* main.m */; };
		3232DAD715E4270500E91F56 /* AppDelegate.m in Sources */ = {isa = PBXBuildFile; fileRef = 3232DAD615E4270500E91F56 /* AppDelegate.m */; };
		3232DADA15E4270500E91F56 /* NYiOS.xcdatamodeld in Sources */ = {isa = PBXBuildFile; fileRef = 3232DAD815E4270500E91F56 /* NYiOS.xcdatamodeld */; };
		3232DAF215E437EE00E91F56 /* Icon-72.png in Resources */ = {isa = PBXBuildFile; fileRef = 3232DAE915E437EE00E91F56 /* Icon-72.png */; };
		3232DAF315E437EE00E91F56 /* Icon-72@2x.png in Resources */ = {isa = PBXBuildFile; fileRef = 3232DAEA15E437EE00E91F56 /* Icon-72@2x.png */; };
		3232DAF415E437EE00E91F56 /* Icon-Small-50.png in Resources */ = {isa = PBXBuildFile; fileRef = 3232DAEB15E437EE00E91F56 /* Icon-Small-50.png */; };
		3232DAF515E437EE00E91F56 /* Icon-Small-50@2x.png in Resources */ = {isa = PBXBuildFile; fileRef = 3232DAEC15E437EE00E91F56 /* Icon-Small-50@2x.png */; };
		3232DAF615E437EE00E91F56 /* Icon-Small.png in Resources */ = {isa = PBXBuildFile; fileRef = 3232DAED15E437EE00E91F56 /* Icon-Small.png */; };
		3232DAF715E437EE00E91F56 /* Icon-Small@2x.png in Resources */ = {isa = PBXBuildFile; fileRef = 3232DAEE15E437EE00E91F56 /* Icon-Small@2x.png */; };
		3232DAF815E437EE00E91F56 /* Icon.png in Resources */ = {isa = PBXBuildFile; fileRef = 3232DAEF15E437EE00E91F56 /* Icon.png */; };
		3232DAF915E437EE00E91F56 /* Icon@2x.png in Resources */ = {isa = PBXBuildFile; fileRef = 3232DAF015E437EE00E91F56 /* Icon@2x.png */; };
		3232DAFA15E437EE00E91F56 /* iTunesArtwork in Resources */ = {isa = PBXBuildFile; fileRef = 3232DAF115E437EE00E91F56 /* iTunesArtwork */; };
		32449D5215E43DDD009AF2B1 /* Parse.framework in Frameworks */ = {isa = PBXBuildFile; fileRef = 32449D5115E43DDD009AF2B1 /* Parse.framework */; };
		32449D5515E43E02009AF2B1 /* AudioToolbox.framework in Frameworks */ = {isa = PBXBuildFile; fileRef = 32449D5415E43E02009AF2B1 /* AudioToolbox.framework */; };
		32449D5715E43E07009AF2B1 /* CFNetwork.framework in Frameworks */ = {isa = PBXBuildFile; fileRef = 32449D5615E43E07009AF2B1 /* CFNetwork.framework */; };
		32449D5915E43E12009AF2B1 /* libz.1.1.3.dylib in Frameworks */ = {isa = PBXBuildFile; fileRef = 32449D5815E43E12009AF2B1 /* libz.1.1.3.dylib */; };
		32449D5B15E43E1D009AF2B1 /* MobileCoreServices.framework in Frameworks */ = {isa = PBXBuildFile; fileRef = 32449D5A15E43E1D009AF2B1 /* MobileCoreServices.framework */; };
		32449D5D15E43E25009AF2B1 /* QuartzCore.framework in Frameworks */ = {isa = PBXBuildFile; fileRef = 32449D5C15E43E25009AF2B1 /* QuartzCore.framework */; };
		32449D5F15E43E2B009AF2B1 /* Security.framework in Frameworks */ = {isa = PBXBuildFile; fileRef = 32449D5E15E43E2B009AF2B1 /* Security.framework */; };
		32449D6115E43E36009AF2B1 /* StoreKit.framework in Frameworks */ = {isa = PBXBuildFile; fileRef = 32449D6015E43E36009AF2B1 /* StoreKit.framework */; };
		32449D6315E43E3C009AF2B1 /* SystemConfiguration.framework in Frameworks */ = {isa = PBXBuildFile; fileRef = 32449D6215E43E3C009AF2B1 /* SystemConfiguration.framework */; };
		32B5584115E460D3001BEC86 /* UIColor+NYiOS.m in Sources */ = {isa = PBXBuildFile; fileRef = 32B5584015E460D3001BEC86 /* UIColor+NYiOS.m */; };
		32D7E68915E44F2D009455BD /* MembersTableViewController.m in Sources */ = {isa = PBXBuildFile; fileRef = 32D7E68815E44F2D009455BD /* MembersTableViewController.m */; };
		32D7E68B15E456ED009455BD /* Default.png in Resources */ = {isa = PBXBuildFile; fileRef = 32D7E68A15E456ED009455BD /* Default.png */; };
		32D7E68D15E456FA009455BD /* Default@2x.png in Resources */ = {isa = PBXBuildFile; fileRef = 32D7E68C15E456FA009455BD /* Default@2x.png */; };
		32D7E68F15E45703009455BD /* Default-Portrait~ipad.png in Resources */ = {isa = PBXBuildFile; fileRef = 32D7E68E15E45703009455BD /* Default-Portrait~ipad.png */; };
		32D7E69115E45706009455BD /* Default-Portrait@2x~ipad.png in Resources */ = {isa = PBXBuildFile; fileRef = 32D7E69015E45706009455BD /* Default-Portrait@2x~ipad.png */; };
		32D7E69315E4570C009455BD /* Default-Landscape~ipad.png in Resources */ = {isa = PBXBuildFile; fileRef = 32D7E69215E4570C009455BD /* Default-Landscape~ipad.png */; };
		32D7E69515E4570F009455BD /* Default-Landscape@2x~ipad.png in Resources */ = {isa = PBXBuildFile; fileRef = 32D7E69415E4570F009455BD /* Default-Landscape@2x~ipad.png */; };
		32D7E69C15E45F8E009455BD /* MemberTableViewCell.m in Sources */ = {isa = PBXBuildFile; fileRef = 32D7E69B15E45F8E009455BD /* MemberTableViewCell.m */; };
/* End PBXBuildFile section */

/* Begin PBXFileReference section */
		3232DAC015E4270500E91F56 /* NYiOS.app */ = {isa = PBXFileReference; explicitFileType = wrapper.application; includeInIndex = 0; path = NYiOS.app; sourceTree = BUILT_PRODUCTS_DIR; };
		3232DAC415E4270500E91F56 /* UIKit.framework */ = {isa = PBXFileReference; lastKnownFileType = wrapper.framework; name = UIKit.framework; path = System/Library/Frameworks/UIKit.framework; sourceTree = SDKROOT; };
		3232DAC615E4270500E91F56 /* Foundation.framework */ = {isa = PBXFileReference; lastKnownFileType = wrapper.framework; name = Foundation.framework; path = System/Library/Frameworks/Foundation.framework; sourceTree = SDKROOT; };
		3232DAC815E4270500E91F56 /* CoreGraphics.framework */ = {isa = PBXFileReference; lastKnownFileType = wrapper.framework; name = CoreGraphics.framework; path = System/Library/Frameworks/CoreGraphics.framework; sourceTree = SDKROOT; };
		3232DACA15E4270500E91F56 /* CoreData.framework */ = {isa = PBXFileReference; lastKnownFileType = wrapper.framework; name = CoreData.framework; path = System/Library/Frameworks/CoreData.framework; sourceTree = SDKROOT; };
		3232DACE15E4270500E91F56 /* NYiOS-Info.plist */ = {isa = PBXFileReference; lastKnownFileType = text.plist.xml; path = "NYiOS-Info.plist"; sourceTree = "<group>"; };
		3232DAD015E4270500E91F56 /* en */ = {isa = PBXFileReference; lastKnownFileType = text.plist.strings; name = en; path = en.lproj/InfoPlist.strings; sourceTree = "<group>"; };
		3232DAD215E4270500E91F56 /* main.m */ = {isa = PBXFileReference; lastKnownFileType = sourcecode.c.objc; path = main.m; sourceTree = "<group>"; };
		3232DAD415E4270500E91F56 /* NYiOS-Prefix.pch */ = {isa = PBXFileReference; lastKnownFileType = sourcecode.c.h; path = "NYiOS-Prefix.pch"; sourceTree = "<group>"; };
		3232DAD515E4270500E91F56 /* AppDelegate.h */ = {isa = PBXFileReference; lastKnownFileType = sourcecode.c.h; path = AppDelegate.h; sourceTree = "<group>"; };
		3232DAD615E4270500E91F56 /* AppDelegate.m */ = {isa = PBXFileReference; lastKnownFileType = sourcecode.c.objc; path = AppDelegate.m; sourceTree = "<group>"; };
		3232DAD915E4270500E91F56 /* NYiOS.xcdatamodel */ = {isa = PBXFileReference; lastKnownFileType = wrapper.xcdatamodel; path = NYiOS.xcdatamodel; sourceTree = "<group>"; };
		3232DAE915E437EE00E91F56 /* Icon-72.png */ = {isa = PBXFileReference; lastKnownFileType = image.png; path = "Icon-72.png"; sourceTree = "<group>"; };
		3232DAEA15E437EE00E91F56 /* Icon-72@2x.png */ = {isa = PBXFileReference; lastKnownFileType = image.png; path = "Icon-72@2x.png"; sourceTree = "<group>"; };
		3232DAEB15E437EE00E91F56 /* Icon-Small-50.png */ = {isa = PBXFileReference; lastKnownFileType = image.png; path = "Icon-Small-50.png"; sourceTree = "<group>"; };
		3232DAEC15E437EE00E91F56 /* Icon-Small-50@2x.png */ = {isa = PBXFileReference; lastKnownFileType = image.png; path = "Icon-Small-50@2x.png"; sourceTree = "<group>"; };
		3232DAED15E437EE00E91F56 /* Icon-Small.png */ = {isa = PBXFileReference; lastKnownFileType = image.png; path = "Icon-Small.png"; sourceTree = "<group>"; };
		3232DAEE15E437EE00E91F56 /* Icon-Small@2x.png */ = {isa = PBXFileReference; lastKnownFileType = image.png; path = "Icon-Small@2x.png"; sourceTree = "<group>"; };
		3232DAEF15E437EE00E91F56 /* Icon.png */ = {isa = PBXFileReference; lastKnownFileType = image.png; path = Icon.png; sourceTree = "<group>"; };
		3232DAF015E437EE00E91F56 /* Icon@2x.png */ = {isa = PBXFileReference; lastKnownFileType = image.png; path = "Icon@2x.png"; sourceTree = "<group>"; };
		3232DAF115E437EE00E91F56 /* iTunesArtwork */ = {isa = PBXFileReference; lastKnownFileType = file; path = iTunesArtwork; sourceTree = "<group>"; };
		32449D5115E43DDD009AF2B1 /* Parse.framework */ = {isa = PBXFileReference; lastKnownFileType = wrapper.framework; path = Parse.framework; sourceTree = "<group>"; };
		32449D5415E43E02009AF2B1 /* AudioToolbox.framework */ = {isa = PBXFileReference; lastKnownFileType = wrapper.framework; name = AudioToolbox.framework; path = System/Library/Frameworks/AudioToolbox.framework; sourceTree = SDKROOT; };
		32449D5615E43E07009AF2B1 /* CFNetwork.framework */ = {isa = PBXFileReference; lastKnownFileType = wrapper.framework; name = CFNetwork.framework; path = System/Library/Frameworks/CFNetwork.framework; sourceTree = SDKROOT; };
		32449D5815E43E12009AF2B1 /* libz.1.1.3.dylib */ = {isa = PBXFileReference; lastKnownFileType = "compiled.mach-o.dylib"; name = libz.1.1.3.dylib; path = usr/lib/libz.1.1.3.dylib; sourceTree = SDKROOT; };
		32449D5A15E43E1D009AF2B1 /* MobileCoreServices.framework */ = {isa = PBXFileReference; lastKnownFileType = wrapper.framework; name = MobileCoreServices.framework; path = System/Library/Frameworks/MobileCoreServices.framework; sourceTree = SDKROOT; };
		32449D5C15E43E25009AF2B1 /* QuartzCore.framework */ = {isa = PBXFileReference; lastKnownFileType = wrapper.framework; name = QuartzCore.framework; path = System/Library/Frameworks/QuartzCore.framework; sourceTree = SDKROOT; };
		32449D5E15E43E2B009AF2B1 /* Security.framework */ = {isa = PBXFileReference; lastKnownFileType = wrapper.framework; name = Security.framework; path = System/Library/Frameworks/Security.framework; sourceTree = SDKROOT; };
		32449D6015E43E36009AF2B1 /* StoreKit.framework */ = {isa = PBXFileReference; lastKnownFileType = wrapper.framework; name = StoreKit.framework; path = System/Library/Frameworks/StoreKit.framework; sourceTree = SDKROOT; };
		32449D6215E43E3C009AF2B1 /* SystemConfiguration.framework */ = {isa = PBXFileReference; lastKnownFileType = wrapper.framework; name = SystemConfiguration.framework; path = System/Library/Frameworks/SystemConfiguration.framework; sourceTree = SDKROOT; };
		32B5583F15E460D3001BEC86 /* UIColor+NYiOS.h */ = {isa = PBXFileReference; fileEncoding = 4; lastKnownFileType = sourcecode.c.h; path = "UIColor+NYiOS.h"; sourceTree = "<group>"; };
		32B5584015E460D3001BEC86 /* UIColor+NYiOS.m */ = {isa = PBXFileReference; fileEncoding = 4; lastKnownFileType = sourcecode.c.objc; path = "UIColor+NYiOS.m"; sourceTree = "<group>"; };
		32D7E68715E44F2D009455BD /* MembersTableViewController.h */ = {isa = PBXFileReference; fileEncoding = 4; lastKnownFileType = sourcecode.c.h; path = MembersTableViewController.h; sourceTree = "<group>"; };
		32D7E68815E44F2D009455BD /* MembersTableViewController.m */ = {isa = PBXFileReference; fileEncoding = 4; lastKnownFileType = sourcecode.c.objc; path = MembersTableViewController.m; sourceTree = "<group>"; };
		32D7E68A15E456ED009455BD /* Default.png */ = {isa = PBXFileReference; lastKnownFileType = image.png; path = Default.png; sourceTree = "<group>"; };
		32D7E68C15E456FA009455BD /* Default@2x.png */ = {isa = PBXFileReference; lastKnownFileType = image.png; path = "Default@2x.png"; sourceTree = "<group>"; };
		32D7E68E15E45703009455BD /* Default-Portrait~ipad.png */ = {isa = PBXFileReference; lastKnownFileType = image.png; path = "Default-Portrait~ipad.png"; sourceTree = "<group>"; };
		32D7E69015E45706009455BD /* Default-Portrait@2x~ipad.png */ = {isa = PBXFileReference; lastKnownFileType = image.png; path = "Default-Portrait@2x~ipad.png"; sourceTree = "<group>"; };
		32D7E69215E4570C009455BD /* Default-Landscape~ipad.png */ = {isa = PBXFileReference; lastKnownFileType = image.png; path = "Default-Landscape~ipad.png"; sourceTree = "<group>"; };
		32D7E69415E4570F009455BD /* Default-Landscape@2x~ipad.png */ = {isa = PBXFileReference; lastKnownFileType = image.png; path = "Default-Landscape@2x~ipad.png"; sourceTree = "<group>"; };
		32D7E69A15E45F8E009455BD /* MemberTableViewCell.h */ = {isa = PBXFileReference; fileEncoding = 4; lastKnownFileType = sourcecode.c.h; path = MemberTableViewCell.h; sourceTree = "<group>"; };
		32D7E69B15E45F8E009455BD /* MemberTableViewCell.m */ = {isa = PBXFileReference; fileEncoding = 4; lastKnownFileType = sourcecode.c.objc; path = MemberTableViewCell.m; sourceTree = "<group>"; };
/* End PBXFileReference section */

/* Begin PBXFrameworksBuildPhase section */
		3232DABD15E4270500E91F56 /* Frameworks */ = {
			isa = PBXFrameworksBuildPhase;
			buildActionMask = 2147483647;
			files = (
				32449D6315E43E3C009AF2B1 /* SystemConfiguration.framework in Frameworks */,
				32449D6115E43E36009AF2B1 /* StoreKit.framework in Frameworks */,
				32449D5F15E43E2B009AF2B1 /* Security.framework in Frameworks */,
				32449D5D15E43E25009AF2B1 /* QuartzCore.framework in Frameworks */,
				32449D5B15E43E1D009AF2B1 /* MobileCoreServices.framework in Frameworks */,
				32449D5915E43E12009AF2B1 /* libz.1.1.3.dylib in Frameworks */,
				32449D5715E43E07009AF2B1 /* CFNetwork.framework in Frameworks */,
				32449D5515E43E02009AF2B1 /* AudioToolbox.framework in Frameworks */,
				3232DAC515E4270500E91F56 /* UIKit.framework in Frameworks */,
				3232DAC715E4270500E91F56 /* Foundation.framework in Frameworks */,
				3232DAC915E4270500E91F56 /* CoreGraphics.framework in Frameworks */,
				3232DACB15E4270500E91F56 /* CoreData.framework in Frameworks */,
				32449D5215E43DDD009AF2B1 /* Parse.framework in Frameworks */,
			);
			runOnlyForDeploymentPostprocessing = 0;
		};
/* End PBXFrameworksBuildPhase section */

/* Begin PBXGroup section */
		3232DAB515E4270500E91F56 = {
			isa = PBXGroup;
			children = (
				3232DACC15E4270500E91F56 /* NYiOS */,
				3232DAC315E4270500E91F56 /* Frameworks */,
				3232DAC115E4270500E91F56 /* Products */,
				3232DAE715E4375E00E91F56 /* Resources */,
				3232DAE915E437EE00E91F56 /* Icon-72.png */,
				3232DAEA15E437EE00E91F56 /* Icon-72@2x.png */,
				3232DAEB15E437EE00E91F56 /* Icon-Small-50.png */,
				3232DAEC15E437EE00E91F56 /* Icon-Small-50@2x.png */,
				3232DAED15E437EE00E91F56 /* Icon-Small.png */,
				3232DAEE15E437EE00E91F56 /* Icon-Small@2x.png */,
				3232DAEF15E437EE00E91F56 /* Icon.png */,
				3232DAF015E437EE00E91F56 /* Icon@2x.png */,
				32D7E68A15E456ED009455BD /* Default.png */,
				32D7E68C15E456FA009455BD /* Default@2x.png */,
				32D7E68E15E45703009455BD /* Default-Portrait~ipad.png */,
				32D7E69015E45706009455BD /* Default-Portrait@2x~ipad.png */,
				32D7E69215E4570C009455BD /* Default-Landscape~ipad.png */,
				32D7E69415E4570F009455BD /* Default-Landscape@2x~ipad.png */,
				3232DAF115E437EE00E91F56 /* iTunesArtwork */,
			);
			sourceTree = "<group>";
		};
		3232DAC115E4270500E91F56 /* Products */ = {
			isa = PBXGroup;
			children = (
				3232DAC015E4270500E91F56 /* NYiOS.app */,
			);
			name = Products;
			sourceTree = "<group>";
		};
		3232DAC315E4270500E91F56 /* Frameworks */ = {
			isa = PBXGroup;
			children = (
				32449D5115E43DDD009AF2B1 /* Parse.framework */,
				32449D6215E43E3C009AF2B1 /* SystemConfiguration.framework */,
				32449D6015E43E36009AF2B1 /* StoreKit.framework */,
				32449D5E15E43E2B009AF2B1 /* Security.framework */,
				32449D5C15E43E25009AF2B1 /* QuartzCore.framework */,
				32449D5A15E43E1D009AF2B1 /* MobileCoreServices.framework */,
				32449D5615E43E07009AF2B1 /* CFNetwork.framework */,
				32449D5415E43E02009AF2B1 /* AudioToolbox.framework */,
				3232DAC415E4270500E91F56 /* UIKit.framework */,
				3232DAC615E4270500E91F56 /* Foundation.framework */,
				3232DAC815E4270500E91F56 /* CoreGraphics.framework */,
				3232DACA15E4270500E91F56 /* CoreData.framework */,
				32449D5815E43E12009AF2B1 /* libz.1.1.3.dylib */,
			);
			name = Frameworks;
			sourceTree = "<group>";
		};
		3232DACC15E4270500E91F56 /* NYiOS */ = {
			isa = PBXGroup;
			children = (
				3232DAD515E4270500E91F56 /* AppDelegate.h */,
				3232DAD615E4270500E91F56 /* AppDelegate.m */,
				32B5583D15E460C4001BEC86 /* Shared */,
				32D7E69615E45ADE009455BD /* MembersTableVC */,
				3232DAD815E4270500E91F56 /* NYiOS.xcdatamodeld */,
				3232DACD15E4270500E91F56 /* Supporting Files */,
			);
			path = NYiOS;
			sourceTree = "<group>";
		};
		3232DACD15E4270500E91F56 /* Supporting Files */ = {
			isa = PBXGroup;
			children = (
				3232DACE15E4270500E91F56 /* NYiOS-Info.plist */,
				3232DACF15E4270500E91F56 /* InfoPlist.strings */,
				3232DAD215E4270500E91F56 /* main.m */,
				3232DAD415E4270500E91F56 /* NYiOS-Prefix.pch */,
			);
			name = "Supporting Files";
			sourceTree = "<group>";
		};
		3232DAE715E4375E00E91F56 /* Resources */ = {
			isa = PBXGroup;
			children = (
				3232DAE815E4376600E91F56 /* Images */,
			);
			name = Resources;
			sourceTree = "<group>";
		};
		3232DAE815E4376600E91F56 /* Images */ = {
			isa = PBXGroup;
			children = (
			);
			name = Images;
			sourceTree = "<group>";
		};
		32B5583D15E460C4001BEC86 /* Shared */ = {
			isa = PBXGroup;
			children = (
				32B5583F15E460D3001BEC86 /* UIColor+NYiOS.h */,
				32B5584015E460D3001BEC86 /* UIColor+NYiOS.m */,
			);
			name = Shared;
			sourceTree = "<group>";
		};
		32D7E69615E45ADE009455BD /* MembersTableVC */ = {
			isa = PBXGroup;
			children = (
				32D7E68715E44F2D009455BD /* MembersTableViewController.h */,
				32D7E68815E44F2D009455BD /* MembersTableViewController.m */,
				32D7E69A15E45F8E009455BD /* MemberTableViewCell.h */,
				32D7E69B15E45F8E009455BD /* MemberTableViewCell.m */,
			);
			name = MembersTableVC;
			sourceTree = "<group>";
		};
/* End PBXGroup section */

/* Begin PBXNativeTarget section */
		3232DABF15E4270500E91F56 /* NYiOS */ = {
			isa = PBXNativeTarget;
			buildConfigurationList = 3232DADD15E4270500E91F56 /* Build configuration list for PBXNativeTarget "NYiOS" */;
			buildPhases = (
				3232DABC15E4270500E91F56 /* Sources */,
				3232DABD15E4270500E91F56 /* Frameworks */,
				3232DABE15E4270500E91F56 /* Resources */,
			);
			buildRules = (
			);
			dependencies = (
			);
			name = NYiOS;
			productName = NYiOS;
			productReference = 3232DAC015E4270500E91F56 /* NYiOS.app */;
			productType = "com.apple.product-type.application";
		};
/* End PBXNativeTarget section */

/* Begin PBXProject section */
		3232DAB715E4270500E91F56 /* Project object */ = {
			isa = PBXProject;
			attributes = {
				LastUpgradeCheck = 0440;
				ORGANIZATIONNAME = "Dan Bretl";
			};
			buildConfigurationList = 3232DABA15E4270500E91F56 /* Build configuration list for PBXProject "NYiOS" */;
			compatibilityVersion = "Xcode 3.2";
			developmentRegion = English;
			hasScannedForEncodings = 0;
			knownRegions = (
				en,
			);
			mainGroup = 3232DAB515E4270500E91F56;
			productRefGroup = 3232DAC115E4270500E91F56 /* Products */;
			projectDirPath = "";
			projectRoot = "";
			targets = (
				3232DABF15E4270500E91F56 /* NYiOS */,
			);
		};
/* End PBXProject section */

/* Begin PBXResourcesBuildPhase section */
		3232DABE15E4270500E91F56 /* Resources */ = {
			isa = PBXResourcesBuildPhase;
			buildActionMask = 2147483647;
			files = (
				3232DAD115E4270500E91F56 /* InfoPlist.strings in Resources */,
				3232DAF215E437EE00E91F56 /* Icon-72.png in Resources */,
				3232DAF315E437EE00E91F56 /* Icon-72@2x.png in Resources */,
				3232DAF415E437EE00E91F56 /* Icon-Small-50.png in Resources */,
				3232DAF515E437EE00E91F56 /* Icon-Small-50@2x.png in Resources */,
				3232DAF615E437EE00E91F56 /* Icon-Small.png in Resources */,
				3232DAF715E437EE00E91F56 /* Icon-Small@2x.png in Resources */,
				3232DAF815E437EE00E91F56 /* Icon.png in Resources */,
				3232DAF915E437EE00E91F56 /* Icon@2x.png in Resources */,
				3232DAFA15E437EE00E91F56 /* iTunesArtwork in Resources */,
				32D7E68B15E456ED009455BD /* Default.png in Resources */,
				32D7E68D15E456FA009455BD /* Default@2x.png in Resources */,
				32D7E68F15E45703009455BD /* Default-Portrait~ipad.png in Resources */,
				32D7E69115E45706009455BD /* Default-Portrait@2x~ipad.png in Resources */,
				32D7E69315E4570C009455BD /* Default-Landscape~ipad.png in Resources */,
				32D7E69515E4570F009455BD /* Default-Landscape@2x~ipad.png in Resources */,
			);
			runOnlyForDeploymentPostprocessing = 0;
		};
/* End PBXResourcesBuildPhase section */

/* Begin PBXSourcesBuildPhase section */
		3232DABC15E4270500E91F56 /* Sources */ = {
			isa = PBXSourcesBuildPhase;
			buildActionMask = 2147483647;
			files = (
				3232DAD315E4270500E91F56 /* main.m in Sources */,
				3232DAD715E4270500E91F56 /* AppDelegate.m in Sources */,
				3232DADA15E4270500E91F56 /* NYiOS.xcdatamodeld in Sources */,
				32D7E68915E44F2D009455BD /* MembersTableViewController.m in Sources */,
				32D7E69C15E45F8E009455BD /* MemberTableViewCell.m in Sources */,
				32B5584115E460D3001BEC86 /* UIColor+NYiOS.m in Sources */,
			);
			runOnlyForDeploymentPostprocessing = 0;
		};
/* End PBXSourcesBuildPhase section */

/* Begin PBXVariantGroup section */
		3232DACF15E4270500E91F56 /* InfoPlist.strings */ = {
			isa = PBXVariantGroup;
			children = (
				3232DAD015E4270500E91F56 /* en */,
			);
			name = InfoPlist.strings;
			sourceTree = "<group>";
		};
/* End PBXVariantGroup section */

/* Begin XCBuildConfiguration section */
		3232DADB15E4270500E91F56 /* Debug */ = {
			isa = XCBuildConfiguration;
			buildSettings = {
				ALWAYS_SEARCH_USER_PATHS = NO;
				ARCHS = "$(ARCHS_STANDARD_32_BIT)";
				CLANG_CXX_LANGUAGE_STANDARD = "gnu++0x";
				CLANG_ENABLE_OBJC_ARC = YES;
				CLANG_WARN__DUPLICATE_METHOD_MATCH = YES;
				"CODE_SIGN_IDENTITY[sdk=iphoneos*]" = "iPhone Developer";
				COPY_PHASE_STRIP = NO;
				GCC_C_LANGUAGE_STANDARD = gnu99;
				GCC_DYNAMIC_NO_PIC = NO;
				GCC_OPTIMIZATION_LEVEL = 0;
				GCC_PREPROCESSOR_DEFINITIONS = (
					"DEBUG=1",
					"$(inherited)",
				);
				GCC_SYMBOLS_PRIVATE_EXTERN = NO;
				GCC_VERSION = com.apple.compilers.llvm.clang.1_0;
				GCC_WARN_ABOUT_RETURN_TYPE = YES;
				GCC_WARN_UNINITIALIZED_AUTOS = YES;
				GCC_WARN_UNUSED_VARIABLE = YES;
				IPHONEOS_DEPLOYMENT_TARGET = 5.1;
				SDKROOT = iphoneos;
				TARGETED_DEVICE_FAMILY = "1,2";
			};
			name = Debug;
		};
		3232DADC15E4270500E91F56 /* Release */ = {
			isa = XCBuildConfiguration;
			buildSettings = {
				ALWAYS_SEARCH_USER_PATHS = NO;
				ARCHS = "$(ARCHS_STANDARD_32_BIT)";
				CLANG_CXX_LANGUAGE_STANDARD = "gnu++0x";
				CLANG_ENABLE_OBJC_ARC = YES;
				CLANG_WARN__DUPLICATE_METHOD_MATCH = YES;
				"CODE_SIGN_IDENTITY[sdk=iphoneos*]" = "iPhone Developer";
				COPY_PHASE_STRIP = YES;
				GCC_C_LANGUAGE_STANDARD = gnu99;
				GCC_VERSION = com.apple.compilers.llvm.clang.1_0;
				GCC_WARN_ABOUT_RETURN_TYPE = YES;
				GCC_WARN_UNINITIALIZED_AUTOS = YES;
				GCC_WARN_UNUSED_VARIABLE = YES;
				IPHONEOS_DEPLOYMENT_TARGET = 5.1;
				OTHER_CFLAGS = "-DNS_BLOCK_ASSERTIONS=1";
				SDKROOT = iphoneos;
				TARGETED_DEVICE_FAMILY = "1,2";
				VALIDATE_PRODUCT = YES;
			};
			name = Release;
		};
		3232DADE15E4270500E91F56 /* Debug */ = {
			isa = XCBuildConfiguration;
			buildSettings = {
				CODE_SIGN_IDENTITY = "iPhone Developer";
				FRAMEWORK_SEARCH_PATHS = (
					"$(inherited)",
					"\"$(SRCROOT)\"",
				);
				GCC_PRECOMPILE_PREFIX_HEADER = YES;
				GCC_PREFIX_HEADER = "NYiOS/NYiOS-Prefix.pch";
				INFOPLIST_FILE = "NYiOS/NYiOS-Info.plist";
				PRODUCT_NAME = "$(TARGET_NAME)";
				PROVISIONING_PROFILE = "";
				WRAPPER_EXTENSION = app;
			};
			name = Debug;
		};
		3232DADF15E4270500E91F56 /* Release */ = {
			isa = XCBuildConfiguration;
			buildSettings = {
				CODE_SIGN_IDENTITY = "iPhone Developer";
				FRAMEWORK_SEARCH_PATHS = (
					"$(inherited)",
					"\"$(SRCROOT)\"",
				);
				GCC_PRECOMPILE_PREFIX_HEADER = YES;
				GCC_PREFIX_HEADER = "NYiOS/NYiOS-Prefix.pch";
				INFOPLIST_FILE = "NYiOS/NYiOS-Info.plist";
				PRODUCT_NAME = "$(TARGET_NAME)";
				PROVISIONING_PROFILE = "";
				WRAPPER_EXTENSION = app;
			};
			name = Release;
		};
		3232DAE415E42D1A00E91F56 /* Ad Hoc */ = {
			isa = XCBuildConfiguration;
			buildSettings = {
				ALWAYS_SEARCH_USER_PATHS = NO;
				ARCHS = "$(ARCHS_STANDARD_32_BIT)";
				CLANG_CXX_LANGUAGE_STANDARD = "gnu++0x";
				CLANG_ENABLE_OBJC_ARC = YES;
				CLANG_WARN__DUPLICATE_METHOD_MATCH = YES;
				"CODE_SIGN_IDENTITY[sdk=iphoneos*]" = "iPhone Developer";
				COPY_PHASE_STRIP = YES;
				GCC_C_LANGUAGE_STANDARD = gnu99;
				GCC_VERSION = com.apple.compilers.llvm.clang.1_0;
				GCC_WARN_ABOUT_RETURN_TYPE = YES;
				GCC_WARN_UNINITIALIZED_AUTOS = YES;
				GCC_WARN_UNUSED_VARIABLE = YES;
				IPHONEOS_DEPLOYMENT_TARGET = 5.1;
				OTHER_CFLAGS = "-DNS_BLOCK_ASSERTIONS=1";
				SDKROOT = iphoneos;
				TARGETED_DEVICE_FAMILY = "1,2";
				VALIDATE_PRODUCT = YES;
			};
			name = "Ad Hoc";
		};
		3232DAE515E42D1A00E91F56 /* Ad Hoc */ = {
			isa = XCBuildConfiguration;
			buildSettings = {
				CODE_SIGN_IDENTITY = "iPhone Distribution";
				"CODE_SIGN_IDENTITY[sdk=iphoneos*]" = "iPhone Distribution";
				FRAMEWORK_SEARCH_PATHS = (
					"$(inherited)",
					"\"$(SRCROOT)\"",
				);
				GCC_PRECOMPILE_PREFIX_HEADER = YES;
				GCC_PREFIX_HEADER = "NYiOS/NYiOS-Prefix.pch";
				INFOPLIST_FILE = "NYiOS/NYiOS-Info.plist";
				PRODUCT_NAME = "$(TARGET_NAME)";
				PROVISIONING_PROFILE = "";
				"PROVISIONING_PROFILE[sdk=iphoneos*]" = "";
				WRAPPER_EXTENSION = app;
			};
			name = "Ad Hoc";
		};
/* End XCBuildConfiguration section */

/* Begin XCConfigurationList section */
		3232DABA15E4270500E91F56 /* Build configuration list for PBXProject "NYiOS" */ = {
			isa = XCConfigurationList;
			buildConfigurations = (
				3232DADB15E4270500E91F56 /* Debug */,
				3232DADC15E4270500E91F56 /* Release */,
				3232DAE415E42D1A00E91F56 /* Ad Hoc */,
			);
			defaultConfigurationIsVisible = 0;
			defaultConfigurationName = Release;
		};
		3232DADD15E4270500E91F56 /* Build configuration list for PBXNativeTarget "NYiOS" */ = {
			isa = XCConfigurationList;
			buildConfigurations = (
				3232DADE15E4270500E91F56 /* Debug */,
				3232DADF15E4270500E91F56 /* Release */,
				3232DAE515E42D1A00E91F56 /* Ad Hoc */,
			);
			defaultConfigurationIsVisible = 0;
			defaultConfigurationName = Release;
		};
/* End XCConfigurationList section */

/* Begin XCVersionGroup section */
		3232DAD815E4270500E91F56 /* NYiOS.xcdatamodeld */ = {
			isa = XCVersionGroup;
			children = (
				3232DAD915E4270500E91F56 /* NYiOS.xcdatamodel */,
			);
			currentVersion = 3232DAD915E4270500E91F56 /* NYiOS.xcdatamodel */;
			path = NYiOS.xcdatamodeld;
			sourceTree = "<group>";
			versionGroupType = wrapper.xcdatamodel;
		};
/* End XCVersionGroup section */
	};
	rootObject = 3232DAB715E4270500E91F56 /* Project object */;
}
